
Microsoft Visual Studio Solution File, Format Version 12.00
# Visual Studio Version 17
VisualStudioVersion = 17.2.32505.173
MinimumVisualStudioVersion = 10.0.40219.1
Project("{8BC9CEB8-8B4A-11D0-8D11-00A0C91BC942}") = "HillClimbing1", "HillClimbing1\HillClimbing1.vcxproj", "{B0762362-01F0-459B-B5AA-4E16662D8503}"
EndProject
Global
	GlobalSection(SolutionConfigurationPlatforms) = preSolution
		Debug|x64 = Debug|x64
		Debug|x86 = Debug|x86
		Release|x64 = Release|x64
		Release|x86 = Release|x86
	EndGlobalSection
	GlobalSection(ProjectConfigurationPlatforms) = postSolution
		{B0762362-01F0-459B-B5AA-4E16662D8503}.Debug|x64.ActiveCfg = Debug|x64
		{B0762362-01F0-459B-B5AA-4E16662D8503}.Debug|x64.Build.0 = Debug|x64
		{B0762362-01F0-459B-B5AA-4E16662D8503}.Debug|x86.ActiveCfg = Debug|Win32
		{B0762362-01F0-459B-B5AA-4E16662D8503}.Debug|x86.Build.0 = Debug|Win32
		{B0762362-01F0-459B-B5AA-4E16662D8503}.Release|x64.ActiveCfg = Release|x64
		{B0762362-01F0-459B-B5AA-4E16662D8503}.Release|x64.Build.0 = Release|x64
		{B0762362-01F0-459B-B5AA-4E16662D8503}.Release|x86.ActiveCfg = Release|Win32
		{B0762362-01F0-459B-B5AA-4E16662D8503}.Release|x86.Build.0 = Release|Win32
	EndGlobalSection
	GlobalSection(SolutionProperties) = preSolution
		HideSolutionNode = FALSE
	EndGlobalSection
	GlobalSection(ExtensibilityGlobals) = postSolution
		SolutionGuid = {E92E520C-FDF2-4764-8C63-3AAA49F7ED51}
	EndGlobalSection
EndGlobal
